
Microsoft Visual Studio Solution File, Format Version 12.00
# Visual Studio Version 17
VisualStudioVersion = 17.8.34309.116
MinimumVisualStudioVersion = 10.0.40219.1
Project("{8BC9CEB8-8B4A-11D0-8D11-00A0C91BC942}") = "Program", "Program.vcxproj", "{11CDDFD2-A384-4AB5-A46E-092E94AA7599}"
EndProject
Project("{8BC9CEB8-8B4A-11D0-8D11-00A0C91BC942}") = "Class01th (Single Linked List)", "..\Class01th (Single Linked List)\Class01th (Single Linked List).vcxproj", "{40CC1535-D373-4640-8E81-6C87E87A4C8B}"
EndProject
Project("{8BC9CEB8-8B4A-11D0-8D11-00A0C91BC942}") = "Class02th (Double Linked List)", "..\Class02th (Double Linked List)\Class02th (Double Linked List).vcxproj", "{ED2A6D2F-4C0D-4F0E-84AA-52FC5D3F7FAB}"
EndProject
Project("{8BC9CEB8-8B4A-11D0-8D11-00A0C91BC942}") = "Class03th (Circle Linked List)", "..\Class03th (Circle Linked List)\Class03th (Circle Linked List).vcxproj", "{2BC77B64-14AB-4CF3-A57C-1A4A7F2492EE}"
EndProject
Project("{8BC9CEB8-8B4A-11D0-8D11-00A0C91BC942}") = "Class04th (Stack)", "..\Class04th (Stack)\Class04th (Stack).vcxproj", "{F865A316-38DA-4C16-8B40-1559EA04E606}"
EndProject
Project("{8BC9CEB8-8B4A-11D0-8D11-00A0C91BC942}") = "Class05th (Linear Queue)", "..\Class05th (Linear Queue)\Class05th (Linear Queue).vcxproj", "{0FE44904-A615-42E7-B817-2CD96E04F07A}"
EndProject
Global
	GlobalSection(SolutionConfigurationPlatforms) = preSolution
		Debug|x64 = Debug|x64
		Debug|x86 = Debug|x86
		Release|x64 = Release|x64
		Release|x86 = Release|x86
	EndGlobalSection
	GlobalSection(ProjectConfigurationPlatforms) = postSolution
		{11CDDFD2-A384-4AB5-A46E-092E94AA7599}.Debug|x64.ActiveCfg = Debug|x64
		{11CDDFD2-A384-4AB5-A46E-092E94AA7599}.Debug|x64.Build.0 = Debug|x64
		{11CDDFD2-A384-4AB5-A46E-092E94AA7599}.Debug|x86.ActiveCfg = Debug|Win32
		{11CDDFD2-A384-4AB5-A46E-092E94AA7599}.Debug|x86.Build.0 = Debug|Win32
		{11CDDFD2-A384-4AB5-A46E-092E94AA7599}.Release|x64.ActiveCfg = Release|x64
		{11CDDFD2-A384-4AB5-A46E-092E94AA7599}.Release|x64.Build.0 = Release|x64
		{11CDDFD2-A384-4AB5-A46E-092E94AA7599}.Release|x86.ActiveCfg = Release|Win32
		{11CDDFD2-A384-4AB5-A46E-092E94AA7599}.Release|x86.Build.0 = Release|Win32
		{40CC1535-D373-4640-8E81-6C87E87A4C8B}.Debug|x64.ActiveCfg = Debug|x64
		{40CC1535-D373-4640-8E81-6C87E87A4C8B}.Debug|x64.Build.0 = Debug|x64
		{40CC1535-D373-4640-8E81-6C87E87A4C8B}.Debug|x86.ActiveCfg = Debug|Win32
		{40CC1535-D373-4640-8E81-6C87E87A4C8B}.Debug|x86.Build.0 = Debug|Win32
		{40CC1535-D373-4640-8E81-6C87E87A4C8B}.Release|x64.ActiveCfg = Release|x64
		{40CC1535-D373-4640-8E81-6C87E87A4C8B}.Release|x64.Build.0 = Release|x64
		{40CC1535-D373-4640-8E81-6C87E87A4C8B}.Release|x86.ActiveCfg = Release|Win32
		{40CC1535-D373-4640-8E81-6C87E87A4C8B}.Release|x86.Build.0 = Release|Win32
		{ED2A6D2F-4C0D-4F0E-84AA-52FC5D3F7FAB}.Debug|x64.ActiveCfg = Debug|x64
		{ED2A6D2F-4C0D-4F0E-84AA-52FC5D3F7FAB}.Debug|x64.Build.0 = Debug|x64
		{ED2A6D2F-4C0D-4F0E-84AA-52FC5D3F7FAB}.Debug|x86.ActiveCfg = Debug|Win32
		{ED2A6D2F-4C0D-4F0E-84AA-52FC5D3F7FAB}.Debug|x86.Build.0 = Debug|Win32
		{ED2A6D2F-4C0D-4F0E-84AA-52FC5D3F7FAB}.Release|x64.ActiveCfg = Release|x64
		{ED2A6D2F-4C0D-4F0E-84AA-52FC5D3F7FAB}.Release|x64.Build.0 = Release|x64
		{ED2A6D2F-4C0D-4F0E-84AA-52FC5D3F7FAB}.Release|x86.ActiveCfg = Release|Win32
		{ED2A6D2F-4C0D-4F0E-84AA-52FC5D3F7FAB}.Release|x86.Build.0 = Release|Win32
		{2BC77B64-14AB-4CF3-A57C-1A4A7F2492EE}.Debug|x64.ActiveCfg = Debug|x64
		{2BC77B64-14AB-4CF3-A57C-1A4A7F2492EE}.Debug|x64.Build.0 = Debug|x64
		{2BC77B64-14AB-4CF3-A57C-1A4A7F2492EE}.Debug|x86.ActiveCfg = Debug|Win32
		{2BC77B64-14AB-4CF3-A57C-1A4A7F2492EE}.Debug|x86.Build.0 = Debug|Win32
		{2BC77B64-14AB-4CF3-A57C-1A4A7F2492EE}.Release|x64.ActiveCfg = Release|x64
		{2BC77B64-14AB-4CF3-A57C-1A4A7F2492EE}.Release|x64.Build.0 = Release|x64
		{2BC77B64-14AB-4CF3-A57C-1A4A7F2492EE}.Release|x86.ActiveCfg = Release|Win32
		{2BC77B64-14AB-4CF3-A57C-1A4A7F2492EE}.Release|x86.Build.0 = Release|Win32
		{F865A316-38DA-4C16-8B40-1559EA04E606}.Debug|x64.ActiveCfg = Debug|x64
		{F865A316-38DA-4C16-8B40-1559EA04E606}.Debug|x64.Build.0 = Debug|x64
		{F865A316-38DA-4C16-8B40-1559EA04E606}.Debug|x86.ActiveCfg = Debug|Win32
		{F865A316-38DA-4C16-8B40-1559EA04E606}.Debug|x86.Build.0 = Debug|Win32
		{F865A316-38DA-4C16-8B40-1559EA04E606}.Release|x64.ActiveCfg = Release|x64
		{F865A316-38DA-4C16-8B40-1559EA04E606}.Release|x64.Build.0 = Release|x64
		{F865A316-38DA-4C16-8B40-1559EA04E606}.Release|x86.ActiveCfg = Release|Win32
		{F865A316-38DA-4C16-8B40-1559EA04E606}.Release|x86.Build.0 = Release|Win32
		{0FE44904-A615-42E7-B817-2CD96E04F07A}.Debug|x64.ActiveCfg = Debug|x64
		{0FE44904-A615-42E7-B817-2CD96E04F07A}.Debug|x64.Build.0 = Debug|x64
		{0FE44904-A615-42E7-B817-2CD96E04F07A}.Debug|x86.ActiveCfg = Debug|Win32
		{0FE44904-A615-42E7-B817-2CD96E04F07A}.Debug|x86.Build.0 = Debug|Win32
		{0FE44904-A615-42E7-B817-2CD96E04F07A}.Release|x64.ActiveCfg = Release|x64
		{0FE44904-A615-42E7-B817-2CD96E04F07A}.Release|x64.Build.0 = Release|x64
		{0FE44904-A615-42E7-B817-2CD96E04F07A}.Release|x86.ActiveCfg = Release|Win32
		{0FE44904-A615-42E7-B817-2CD96E04F07A}.Release|x86.Build.0 = Release|Win32
	EndGlobalSection
	GlobalSection(SolutionProperties) = preSolution
		HideSolutionNode = FALSE
	EndGlobalSection
	GlobalSection(ExtensibilityGlobals) = postSolution
		SolutionGuid = {81E86DEF-1BF2-458C-93FD-1662BFD458B0}
	EndGlobalSection
EndGlobal
