
Microsoft Visual Studio Solution File, Format Version 12.00
# Visual Studio Version 17
VisualStudioVersion = 17.8.34309.116
MinimumVisualStudioVersion = 10.0.40219.1
Project("{8BC9CEB8-8B4A-11D0-8D11-00A0C91BC942}") = "Program", "Program.vcxproj", "{11CDDFD2-A384-4AB5-A46E-092E94AA7599}"
EndProject
Project("{8BC9CEB8-8B4A-11D0-8D11-00A0C91BC942}") = "Class01th (Single Linked List)", "..\Class01th (Single Linked List)\Class01th (Single Linked List).vcxproj", "{40CC1535-D373-4640-8E81-6C87E87A4C8B}"
EndProject
Project("{8BC9CEB8-8B4A-11D0-8D11-00A0C91BC942}") = "Class02th (Double Linked List)", "..\Class02th (Double Linked List)\Class02th (Double Linked List).vcxproj", "{ED2A6D2F-4C0D-4F0E-84AA-52FC5D3F7FAB}"
EndProject
Project("{8BC9CEB8-8B4A-11D0-8D11-00A0C91BC942}") = "Class03th (Circle Linked List)", "..\Class03th (Circle Linked List)\Class03th (Circle Linked List).vcxproj", "{2BC77B64-14AB-4CF3-A57C-1A4A7F2492EE}"
EndProject
Project("{8BC9CEB8-8B4A-11D0-8D11-00A0C91BC942}") = "Class04th (Stack)", "..\Class04th (Stack)\Class04th (Stack).vcxproj", "{F865A316-38DA-4C16-8B40-1559EA04E606}"
EndProject
Project("{8BC9CEB8-8B4A-11D0-8D11-00A0C91BC942}") = "Class05th (Linear Queue)", "..\Class05th (Linear Queue)\Class05th (Linear Queue).vcxproj", "{0FE44904-A615-42E7-B817-2CD96E04F07A}"
EndProject
Project("{8BC9CEB8-8B4A-11D0-8D11-00A0C91BC942}") = "Class06th (Circle Queue)", "..\Class06th (Circle Queue)\Class06th (Circle Queue).vcxproj", "{2350A8FB-8456-4859-8BE3-C19B1BE97020}"
EndProject
Project("{8BC9CEB8-8B4A-11D0-8D11-00A0C91BC942}") = "Class07th (Vector)", "..\Class07th (Vector)\Class07th (Vector).vcxproj", "{A5227467-73DD-4575-AB02-5A32CC86C42F}"
EndProject
Project("{8BC9CEB8-8B4A-11D0-8D11-00A0C91BC942}") = "Class08th (String)", "..\Class08th (String)\Class08th (String).vcxproj", "{7DE9CE3E-974D-4666-BB6C-95206C6AD429}"
EndProject
Project("{8BC9CEB8-8B4A-11D0-8D11-00A0C91BC942}") = "Class09th (HashTable)", "..\Class09th (HashTable)\Class09th (HashTable).vcxproj", "{964BDDFB-C92D-400D-ACCA-782F7AD2ABBC}"
EndProject
Project("{8BC9CEB8-8B4A-11D0-8D11-00A0C91BC942}") = "Class10th (Priority Queue)", "..\Class10th (Priority Queue)\Class10th (Priority Queue).vcxproj", "{0F32C956-621B-406E-A9DE-E4DE915812DC}"
EndProject
Project("{8BC9CEB8-8B4A-11D0-8D11-00A0C91BC942}") = "Class11th (Adjacency Matrix)", "..\Class11th (Adjacency Matrix)\Class11th (Adjacency Matrix).vcxproj", "{1C7DBC52-2EBB-45A6-9016-47FF5284ABAE}"
EndProject
Project("{8BC9CEB8-8B4A-11D0-8D11-00A0C91BC942}") = "Class12th (Adjacency List)", "..\Class12th (Adjacency List)\Class12th (Adjacency List).vcxproj", "{4A7181FE-797E-4CCD-A54D-440872469129}"
EndProject
Global
	GlobalSection(SolutionConfigurationPlatforms) = preSolution
		Debug|x64 = Debug|x64
		Debug|x86 = Debug|x86
		Release|x64 = Release|x64
		Release|x86 = Release|x86
	EndGlobalSection
	GlobalSection(ProjectConfigurationPlatforms) = postSolution
		{11CDDFD2-A384-4AB5-A46E-092E94AA7599}.Debug|x64.ActiveCfg = Debug|x64
		{11CDDFD2-A384-4AB5-A46E-092E94AA7599}.Debug|x64.Build.0 = Debug|x64
		{11CDDFD2-A384-4AB5-A46E-092E94AA7599}.Debug|x86.ActiveCfg = Debug|Win32
		{11CDDFD2-A384-4AB5-A46E-092E94AA7599}.Debug|x86.Build.0 = Debug|Win32
		{11CDDFD2-A384-4AB5-A46E-092E94AA7599}.Release|x64.ActiveCfg = Release|x64
		{11CDDFD2-A384-4AB5-A46E-092E94AA7599}.Release|x64.Build.0 = Release|x64
		{11CDDFD2-A384-4AB5-A46E-092E94AA7599}.Release|x86.ActiveCfg = Release|Win32
		{11CDDFD2-A384-4AB5-A46E-092E94AA7599}.Release|x86.Build.0 = Release|Win32
		{40CC1535-D373-4640-8E81-6C87E87A4C8B}.Debug|x64.ActiveCfg = Debug|x64
		{40CC1535-D373-4640-8E81-6C87E87A4C8B}.Debug|x64.Build.0 = Debug|x64
		{40CC1535-D373-4640-8E81-6C87E87A4C8B}.Debug|x86.ActiveCfg = Debug|Win32
		{40CC1535-D373-4640-8E81-6C87E87A4C8B}.Debug|x86.Build.0 = Debug|Win32
		{40CC1535-D373-4640-8E81-6C87E87A4C8B}.Release|x64.ActiveCfg = Release|x64
		{40CC1535-D373-4640-8E81-6C87E87A4C8B}.Release|x64.Build.0 = Release|x64
		{40CC1535-D373-4640-8E81-6C87E87A4C8B}.Release|x86.ActiveCfg = Release|Win32
		{40CC1535-D373-4640-8E81-6C87E87A4C8B}.Release|x86.Build.0 = Release|Win32
		{ED2A6D2F-4C0D-4F0E-84AA-52FC5D3F7FAB}.Debug|x64.ActiveCfg = Debug|x64
		{ED2A6D2F-4C0D-4F0E-84AA-52FC5D3F7FAB}.Debug|x64.Build.0 = Debug|x64
		{ED2A6D2F-4C0D-4F0E-84AA-52FC5D3F7FAB}.Debug|x86.ActiveCfg = Debug|Win32
		{ED2A6D2F-4C0D-4F0E-84AA-52FC5D3F7FAB}.Debug|x86.Build.0 = Debug|Win32
		{ED2A6D2F-4C0D-4F0E-84AA-52FC5D3F7FAB}.Release|x64.ActiveCfg = Release|x64
		{ED2A6D2F-4C0D-4F0E-84AA-52FC5D3F7FAB}.Release|x64.Build.0 = Release|x64
		{ED2A6D2F-4C0D-4F0E-84AA-52FC5D3F7FAB}.Release|x86.ActiveCfg = Release|Win32
		{ED2A6D2F-4C0D-4F0E-84AA-52FC5D3F7FAB}.Release|x86.Build.0 = Release|Win32
		{2BC77B64-14AB-4CF3-A57C-1A4A7F2492EE}.Debug|x64.ActiveCfg = Debug|x64
		{2BC77B64-14AB-4CF3-A57C-1A4A7F2492EE}.Debug|x64.Build.0 = Debug|x64
		{2BC77B64-14AB-4CF3-A57C-1A4A7F2492EE}.Debug|x86.ActiveCfg = Debug|Win32
		{2BC77B64-14AB-4CF3-A57C-1A4A7F2492EE}.Debug|x86.Build.0 = Debug|Win32
		{2BC77B64-14AB-4CF3-A57C-1A4A7F2492EE}.Release|x64.ActiveCfg = Release|x64
		{2BC77B64-14AB-4CF3-A57C-1A4A7F2492EE}.Release|x64.Build.0 = Release|x64
		{2BC77B64-14AB-4CF3-A57C-1A4A7F2492EE}.Release|x86.ActiveCfg = Release|Win32
		{2BC77B64-14AB-4CF3-A57C-1A4A7F2492EE}.Release|x86.Build.0 = Release|Win32
		{F865A316-38DA-4C16-8B40-1559EA04E606}.Debug|x64.ActiveCfg = Debug|x64
		{F865A316-38DA-4C16-8B40-1559EA04E606}.Debug|x64.Build.0 = Debug|x64
		{F865A316-38DA-4C16-8B40-1559EA04E606}.Debug|x86.ActiveCfg = Debug|Win32
		{F865A316-38DA-4C16-8B40-1559EA04E606}.Debug|x86.Build.0 = Debug|Win32
		{F865A316-38DA-4C16-8B40-1559EA04E606}.Release|x64.ActiveCfg = Release|x64
		{F865A316-38DA-4C16-8B40-1559EA04E606}.Release|x64.Build.0 = Release|x64
		{F865A316-38DA-4C16-8B40-1559EA04E606}.Release|x86.ActiveCfg = Release|Win32
		{F865A316-38DA-4C16-8B40-1559EA04E606}.Release|x86.Build.0 = Release|Win32
		{0FE44904-A615-42E7-B817-2CD96E04F07A}.Debug|x64.ActiveCfg = Debug|x64
		{0FE44904-A615-42E7-B817-2CD96E04F07A}.Debug|x64.Build.0 = Debug|x64
		{0FE44904-A615-42E7-B817-2CD96E04F07A}.Debug|x86.ActiveCfg = Debug|Win32
		{0FE44904-A615-42E7-B817-2CD96E04F07A}.Debug|x86.Build.0 = Debug|Win32
		{0FE44904-A615-42E7-B817-2CD96E04F07A}.Release|x64.ActiveCfg = Release|x64
		{0FE44904-A615-42E7-B817-2CD96E04F07A}.Release|x64.Build.0 = Release|x64
		{0FE44904-A615-42E7-B817-2CD96E04F07A}.Release|x86.ActiveCfg = Release|Win32
		{0FE44904-A615-42E7-B817-2CD96E04F07A}.Release|x86.Build.0 = Release|Win32
		{2350A8FB-8456-4859-8BE3-C19B1BE97020}.Debug|x64.ActiveCfg = Debug|x64
		{2350A8FB-8456-4859-8BE3-C19B1BE97020}.Debug|x64.Build.0 = Debug|x64
		{2350A8FB-8456-4859-8BE3-C19B1BE97020}.Debug|x86.ActiveCfg = Debug|Win32
		{2350A8FB-8456-4859-8BE3-C19B1BE97020}.Debug|x86.Build.0 = Debug|Win32
		{2350A8FB-8456-4859-8BE3-C19B1BE97020}.Release|x64.ActiveCfg = Release|x64
		{2350A8FB-8456-4859-8BE3-C19B1BE97020}.Release|x64.Build.0 = Release|x64
		{2350A8FB-8456-4859-8BE3-C19B1BE97020}.Release|x86.ActiveCfg = Release|Win32
		{2350A8FB-8456-4859-8BE3-C19B1BE97020}.Release|x86.Build.0 = Release|Win32
		{A5227467-73DD-4575-AB02-5A32CC86C42F}.Debug|x64.ActiveCfg = Debug|x64
		{A5227467-73DD-4575-AB02-5A32CC86C42F}.Debug|x64.Build.0 = Debug|x64
		{A5227467-73DD-4575-AB02-5A32CC86C42F}.Debug|x86.ActiveCfg = Debug|Win32
		{A5227467-73DD-4575-AB02-5A32CC86C42F}.Debug|x86.Build.0 = Debug|Win32
		{A5227467-73DD-4575-AB02-5A32CC86C42F}.Release|x64.ActiveCfg = Release|x64
		{A5227467-73DD-4575-AB02-5A32CC86C42F}.Release|x64.Build.0 = Release|x64
		{A5227467-73DD-4575-AB02-5A32CC86C42F}.Release|x86.ActiveCfg = Release|Win32
		{A5227467-73DD-4575-AB02-5A32CC86C42F}.Release|x86.Build.0 = Release|Win32
		{7DE9CE3E-974D-4666-BB6C-95206C6AD429}.Debug|x64.ActiveCfg = Debug|x64
		{7DE9CE3E-974D-4666-BB6C-95206C6AD429}.Debug|x64.Build.0 = Debug|x64
		{7DE9CE3E-974D-4666-BB6C-95206C6AD429}.Debug|x86.ActiveCfg = Debug|Win32
		{7DE9CE3E-974D-4666-BB6C-95206C6AD429}.Debug|x86.Build.0 = Debug|Win32
		{7DE9CE3E-974D-4666-BB6C-95206C6AD429}.Release|x64.ActiveCfg = Release|x64
		{7DE9CE3E-974D-4666-BB6C-95206C6AD429}.Release|x64.Build.0 = Release|x64
		{7DE9CE3E-974D-4666-BB6C-95206C6AD429}.Release|x86.ActiveCfg = Release|Win32
		{7DE9CE3E-974D-4666-BB6C-95206C6AD429}.Release|x86.Build.0 = Release|Win32
		{964BDDFB-C92D-400D-ACCA-782F7AD2ABBC}.Debug|x64.ActiveCfg = Debug|x64
		{964BDDFB-C92D-400D-ACCA-782F7AD2ABBC}.Debug|x64.Build.0 = Debug|x64
		{964BDDFB-C92D-400D-ACCA-782F7AD2ABBC}.Debug|x86.ActiveCfg = Debug|Win32
		{964BDDFB-C92D-400D-ACCA-782F7AD2ABBC}.Debug|x86.Build.0 = Debug|Win32
		{964BDDFB-C92D-400D-ACCA-782F7AD2ABBC}.Release|x64.ActiveCfg = Release|x64
		{964BDDFB-C92D-400D-ACCA-782F7AD2ABBC}.Release|x64.Build.0 = Release|x64
		{964BDDFB-C92D-400D-ACCA-782F7AD2ABBC}.Release|x86.ActiveCfg = Release|Win32
		{964BDDFB-C92D-400D-ACCA-782F7AD2ABBC}.Release|x86.Build.0 = Release|Win32
		{0F32C956-621B-406E-A9DE-E4DE915812DC}.Debug|x64.ActiveCfg = Debug|x64
		{0F32C956-621B-406E-A9DE-E4DE915812DC}.Debug|x64.Build.0 = Debug|x64
		{0F32C956-621B-406E-A9DE-E4DE915812DC}.Debug|x86.ActiveCfg = Debug|Win32
		{0F32C956-621B-406E-A9DE-E4DE915812DC}.Debug|x86.Build.0 = Debug|Win32
		{0F32C956-621B-406E-A9DE-E4DE915812DC}.Release|x64.ActiveCfg = Release|x64
		{0F32C956-621B-406E-A9DE-E4DE915812DC}.Release|x64.Build.0 = Release|x64
		{0F32C956-621B-406E-A9DE-E4DE915812DC}.Release|x86.ActiveCfg = Release|Win32
		{0F32C956-621B-406E-A9DE-E4DE915812DC}.Release|x86.Build.0 = Release|Win32
		{1C7DBC52-2EBB-45A6-9016-47FF5284ABAE}.Debug|x64.ActiveCfg = Debug|x64
		{1C7DBC52-2EBB-45A6-9016-47FF5284ABAE}.Debug|x64.Build.0 = Debug|x64
		{1C7DBC52-2EBB-45A6-9016-47FF5284ABAE}.Debug|x86.ActiveCfg = Debug|Win32
		{1C7DBC52-2EBB-45A6-9016-47FF5284ABAE}.Debug|x86.Build.0 = Debug|Win32
		{1C7DBC52-2EBB-45A6-9016-47FF5284ABAE}.Release|x64.ActiveCfg = Release|x64
		{1C7DBC52-2EBB-45A6-9016-47FF5284ABAE}.Release|x64.Build.0 = Release|x64
		{1C7DBC52-2EBB-45A6-9016-47FF5284ABAE}.Release|x86.ActiveCfg = Release|Win32
		{1C7DBC52-2EBB-45A6-9016-47FF5284ABAE}.Release|x86.Build.0 = Release|Win32
		{4A7181FE-797E-4CCD-A54D-440872469129}.Debug|x64.ActiveCfg = Debug|x64
		{4A7181FE-797E-4CCD-A54D-440872469129}.Debug|x64.Build.0 = Debug|x64
		{4A7181FE-797E-4CCD-A54D-440872469129}.Debug|x86.ActiveCfg = Debug|Win32
		{4A7181FE-797E-4CCD-A54D-440872469129}.Debug|x86.Build.0 = Debug|Win32
		{4A7181FE-797E-4CCD-A54D-440872469129}.Release|x64.ActiveCfg = Release|x64
		{4A7181FE-797E-4CCD-A54D-440872469129}.Release|x64.Build.0 = Release|x64
		{4A7181FE-797E-4CCD-A54D-440872469129}.Release|x86.ActiveCfg = Release|Win32
		{4A7181FE-797E-4CCD-A54D-440872469129}.Release|x86.Build.0 = Release|Win32
	EndGlobalSection
	GlobalSection(SolutionProperties) = preSolution
		HideSolutionNode = FALSE
	EndGlobalSection
	GlobalSection(ExtensibilityGlobals) = postSolution
		SolutionGuid = {81E86DEF-1BF2-458C-93FD-1662BFD458B0}
	EndGlobalSection
EndGlobal
